# THIS IS AN AUTOGENERATED FILE. DO NOT EDIT THIS FILE DIRECTLY.
# yarn lockfile v1


rype@^1.0.14:
  version "1.0.14"
  resolved "https://registry.yarnpkg.com/rype/-/rype-1.0.14.tgz#a6c2d88359ba3d290ba8ccc0048b29922d15cc45"
  integrity sha512-BvvryEc6XLsY+dKN43FeLt7OASHRhwVxH7GTNqKEqTMLX7iMN9N7RmksTbtC1uEQasBhN25WB3KWUyNGGF4J9w==

zod@^3.21.4:
  version "3.21.4"
  resolved "https://registry.yarnpkg.com/zod/-/zod-3.21.4.tgz#10882231d992519f0a10b5dd58a38c9dabbb64db"
  integrity sha512-m46AKbrzKVzOzs/DZgVnG5H55N1sv1M8qZU3A8RIKbs3mrACDNeIOeilDymVb2HdmP8uwshOCF4uJ8uM9rCqJw==
